
Microsoft Visual Studio Solution File, Format Version 12.00
# Visual Studio Version 16
VisualStudioVersion = 16.0.32002.261
MinimumVisualStudioVersion = 10.0.40219.1
Project("{FAE04EC0-301F-11D3-BF4B-00C04F79EFBC}") = "Hercules_RJS", "Hercules_RJS\Hercules_RJS.csproj", "{427E662E-4D08-4F2B-B9E9-AB64794D6FA7}"
EndProject
Project("{FAE04EC0-301F-11D3-BF4B-00C04F79EFBC}") = "twEditControls", "..\twEditControls\twEditControls.csproj", "{70CDF4CE-C384-41DC-8C93-F00D38F8EC1A}"
EndProject
Project("{FAE04EC0-301F-11D3-BF4B-00C04F79EFBC}") = "CustomExtensions", "..\CustomExtensions\CustomExtensions.csproj", "{F2247CBA-7958-468B-9DA2-51C89C8DD9EE}"
EndProject
Global
	GlobalSection(SolutionConfigurationPlatforms) = preSolution
		Debug|Any CPU = Debug|Any CPU
		Release|Any CPU = Release|Any CPU
	EndGlobalSection
	GlobalSection(ProjectConfigurationPlatforms) = postSolution
		{427E662E-4D08-4F2B-B9E9-AB64794D6FA7}.Debug|Any CPU.ActiveCfg = Debug|Any CPU
		{427E662E-4D08-4F2B-B9E9-AB64794D6FA7}.Debug|Any CPU.Build.0 = Debug|Any CPU
		{427E662E-4D08-4F2B-B9E9-AB64794D6FA7}.Release|Any CPU.ActiveCfg = Release|Any CPU
		{427E662E-4D08-4F2B-B9E9-AB64794D6FA7}.Release|Any CPU.Build.0 = Release|Any CPU
		{70CDF4CE-C384-41DC-8C93-F00D38F8EC1A}.Debug|Any CPU.ActiveCfg = Debug|Any CPU
		{70CDF4CE-C384-41DC-8C93-F00D38F8EC1A}.Debug|Any CPU.Build.0 = Debug|Any CPU
		{70CDF4CE-C384-41DC-8C93-F00D38F8EC1A}.Release|Any CPU.ActiveCfg = Release|Any CPU
		{70CDF4CE-C384-41DC-8C93-F00D38F8EC1A}.Release|Any CPU.Build.0 = Release|Any CPU
		{F2247CBA-7958-468B-9DA2-51C89C8DD9EE}.Debug|Any CPU.ActiveCfg = Debug|Any CPU
		{F2247CBA-7958-468B-9DA2-51C89C8DD9EE}.Debug|Any CPU.Build.0 = Debug|Any CPU
		{F2247CBA-7958-468B-9DA2-51C89C8DD9EE}.Release|Any CPU.ActiveCfg = Release|Any CPU
		{F2247CBA-7958-468B-9DA2-51C89C8DD9EE}.Release|Any CPU.Build.0 = Release|Any CPU
	EndGlobalSection
	GlobalSection(SolutionProperties) = preSolution
		HideSolutionNode = FALSE
	EndGlobalSection
	GlobalSection(ExtensibilityGlobals) = postSolution
		SolutionGuid = {892A45B1-B675-4959-92C0-754F3C45CBBA}
	EndGlobalSection
EndGlobal
